// !$*UTF8*$!
{
	archiveVersion = 1;
	classes = {
	};
	objectVersion = 48;
	objects = {

/* Begin PBXBuildFile section */
		7D48928A1FD5031D00C852AF /* FoodTrackerTests.swift in Sources */ = {isa = PBXBuildFile; fileRef = 7D4892891FD5031D00C852AF /* FoodTrackerTests.swift */; };
		7D4892921FD503EC00C852AF /* readme.md in Resources */ = {isa = PBXBuildFile; fileRef = 7D4892911FD503EC00C852AF /* readme.md */; };
		7D5287711FD4D45D000181D9 /* AppDelegate.swift in Sources */ = {isa = PBXBuildFile; fileRef = 7D5287701FD4D45D000181D9 /* AppDelegate.swift */; };
		7D5287731FD4D45E000181D9 /* MealViewController.swift in Sources */ = {isa = PBXBuildFile; fileRef = 7D5287721FD4D45E000181D9 /* MealViewController.swift */; };
		7D5287761FD4D45E000181D9 /* Main.storyboard in Resources */ = {isa = PBXBuildFile; fileRef = 7D5287741FD4D45E000181D9 /* Main.storyboard */; };
		7D52877B1FD4D45E000181D9 /* LaunchScreen.storyboard in Resources */ = {isa = PBXBuildFile; fileRef = 7D5287791FD4D45E000181D9 /* LaunchScreen.storyboard */; };
		7D5287911FD4DEB8000181D9 /* RatingControl.swift in Sources */ = {isa = PBXBuildFile; fileRef = 7D5287901FD4DEB8000181D9 /* RatingControl.swift */; };
		7D5287931FD4E732000181D9 /* Meal.swift in Sources */ = {isa = PBXBuildFile; fileRef = 7D5287921FD4E732000181D9 /* Meal.swift */; };
		7D5287991FD4EC43000181D9 /* MealTableViewCell.swift in Sources */ = {isa = PBXBuildFile; fileRef = 7D5287981FD4EC43000181D9 /* MealTableViewCell.swift */; };
		7D52879B1FD4ED0A000181D9 /* MealTableViewController.swift in Sources */ = {isa = PBXBuildFile; fileRef = 7D52879A1FD4ED0A000181D9 /* MealTableViewController.swift */; };
		7DF735311FD79E5C002C3F87 /* Assets.xcassets in Resources */ = {isa = PBXBuildFile; fileRef = 7DF735301FD79E5C002C3F87 /* Assets.xcassets */; };
/* End PBXBuildFile section */

/* Begin PBXContainerItemProxy section */
		7D48928C1FD5031D00C852AF /* PBXContainerItemProxy */ = {
			isa = PBXContainerItemProxy;
			containerPortal = 7D5287651FD4D45D000181D9 /* Project object */;
			proxyType = 1;
			remoteGlobalIDString = 7D52876C1FD4D45D000181D9;
			remoteInfo = FoodTracker;
		};
/* End PBXContainerItemProxy section */

/* Begin PBXFileReference section */
		7D4892871FD5031D00C852AF /* FoodTrackerTests.xctest */ = {isa = PBXFileReference; explicitFileType = wrapper.cfbundle; includeInIndex = 0; path = FoodTrackerTests.xctest; sourceTree = BUILT_PRODUCTS_DIR; };
		7D4892891FD5031D00C852AF /* FoodTrackerTests.swift */ = {isa = PBXFileReference; lastKnownFileType = sourcecode.swift; path = FoodTrackerTests.swift; sourceTree = "<group>"; };
		7D48928B1FD5031D00C852AF /* Info.plist */ = {isa = PBXFileReference; lastKnownFileType = text.plist.xml; path = Info.plist; sourceTree = "<group>"; };
		7D4892911FD503EC00C852AF /* readme.md */ = {isa = PBXFileReference; lastKnownFileType = net.daringfireball.markdown; path = readme.md; sourceTree = "<group>"; };
		7D52876D1FD4D45D000181D9 /* FoodTracker.app */ = {isa = PBXFileReference; explicitFileType = wrapper.application; includeInIndex = 0; path = FoodTracker.app; sourceTree = BUILT_PRODUCTS_DIR; };
		7D5287701FD4D45D000181D9 /* AppDelegate.swift */ = {isa = PBXFileReference; lastKnownFileType = sourcecode.swift; path = AppDelegate.swift; sourceTree = "<group>"; };
		7D5287721FD4D45E000181D9 /* MealViewController.swift */ = {isa = PBXFileReference; lastKnownFileType = sourcecode.swift; path = MealViewController.swift; sourceTree = "<group>"; };
		7D5287751FD4D45E000181D9 /* Base */ = {isa = PBXFileReference; lastKnownFileType = file.storyboard; name = Base; path = Base.lproj/Main.storyboard; sourceTree = "<group>"; };
		7D52877A1FD4D45E000181D9 /* Base */ = {isa = PBXFileReference; lastKnownFileType = file.storyboard; name = Base; path = Base.lproj/LaunchScreen.storyboard; sourceTree = "<group>"; };
		7D52877C1FD4D45E000181D9 /* Info.plist */ = {isa = PBXFileReference; lastKnownFileType = text.plist.xml; path = Info.plist; sourceTree = "<group>"; };
		7D5287901FD4DEB8000181D9 /* RatingControl.swift */ = {isa = PBXFileReference; lastKnownFileType = sourcecode.swift; path = RatingControl.swift; sourceTree = "<group>"; };
		7D5287921FD4E732000181D9 /* Meal.swift */ = {isa = PBXFileReference; lastKnownFileType = sourcecode.swift; path = Meal.swift; sourceTree = "<group>"; };
		7D5287981FD4EC43000181D9 /* MealTableViewCell.swift */ = {isa = PBXFileReference; fileEncoding = 4; lastKnownFileType = sourcecode.swift; path = MealTableViewCell.swift; sourceTree = "<group>"; };
		7D52879A1FD4ED0A000181D9 /* MealTableViewController.swift */ = {isa = PBXFileReference; lastKnownFileType = sourcecode.swift; path = MealTableViewController.swift; sourceTree = "<group>"; };
		7DF735301FD79E5C002C3F87 /* Assets.xcassets */ = {isa = PBXFileReference; lastKnownFileType = folder.assetcatalog; path = Assets.xcassets; sourceTree = "<group>"; };
/* End PBXFileReference section */

/* Begin PBXFrameworksBuildPhase section */
		7D4892841FD5031D00C852AF /* Frameworks */ = {
			isa = PBXFrameworksBuildPhase;
			buildActionMask = 2147483647;
			files = (
			);
			runOnlyForDeploymentPostprocessing = 0;
		};
		7D52876A1FD4D45D000181D9 /* Frameworks */ = {
			isa = PBXFrameworksBuildPhase;
			buildActionMask = 2147483647;
			files = (
			);
			runOnlyForDeploymentPostprocessing = 0;
		};
/* End PBXFrameworksBuildPhase section */

/* Begin PBXGroup section */
		7D4892881FD5031D00C852AF /* FoodTrackerTests */ = {
			isa = PBXGroup;
			children = (
				7D4892891FD5031D00C852AF /* FoodTrackerTests.swift */,
				7D48928B1FD5031D00C852AF /* Info.plist */,
			);
			path = FoodTrackerTests;
			sourceTree = "<group>";
		};
		7D5287641FD4D45D000181D9 = {
			isa = PBXGroup;
			children = (
				7D4892911FD503EC00C852AF /* readme.md */,
				7D52876F1FD4D45D000181D9 /* FoodTracker */,
				7D4892881FD5031D00C852AF /* FoodTrackerTests */,
				7D52876E1FD4D45D000181D9 /* Products */,
			);
			sourceTree = "<group>";
		};
		7D52876E1FD4D45D000181D9 /* Products */ = {
			isa = PBXGroup;
			children = (
				7D52876D1FD4D45D000181D9 /* FoodTracker.app */,
				7D4892871FD5031D00C852AF /* FoodTrackerTests.xctest */,
			);
			name = Products;
			sourceTree = "<group>";
		};
		7D52876F1FD4D45D000181D9 /* FoodTracker */ = {
			isa = PBXGroup;
			children = (
				7D5287701FD4D45D000181D9 /* AppDelegate.swift */,
				7D5287721FD4D45E000181D9 /* MealViewController.swift */,
				7D5287901FD4DEB8000181D9 /* RatingControl.swift */,
				7D5287921FD4E732000181D9 /* Meal.swift */,
				7D5287981FD4EC43000181D9 /* MealTableViewCell.swift */,
				7D52879A1FD4ED0A000181D9 /* MealTableViewController.swift */,
				7D5287741FD4D45E000181D9 /* Main.storyboard */,
				7DF735301FD79E5C002C3F87 /* Assets.xcassets */,
				7D5287791FD4D45E000181D9 /* LaunchScreen.storyboard */,
				7D52877C1FD4D45E000181D9 /* Info.plist */,
			);
			path = FoodTracker;
			sourceTree = "<group>";
		};
/* End PBXGroup section */

/* Begin PBXNativeTarget section */
		7D4892861FD5031D00C852AF /* FoodTrackerTests */ = {
			isa = PBXNativeTarget;
			buildConfigurationList = 7D48928E1FD5031D00C852AF /* Build configuration list for PBXNativeTarget "FoodTrackerTests" */;
			buildPhases = (
				7D4892831FD5031D00C852AF /* Sources */,
				7D4892841FD5031D00C852AF /* Frameworks */,
				7D4892851FD5031D00C852AF /* Resources */,
			);
			buildRules = (
			);
			dependencies = (
				7D48928D1FD5031D00C852AF /* PBXTargetDependency */,
			);
			name = FoodTrackerTests;
			productName = FoodTrackerTests;
			productReference = 7D4892871FD5031D00C852AF /* FoodTrackerTests.xctest */;
			productType = "com.apple.product-type.bundle.unit-test";
		};
		7D52876C1FD4D45D000181D9 /* FoodTracker */ = {
			isa = PBXNativeTarget;
			buildConfigurationList = 7D52878A1FD4D45E000181D9 /* Build configuration list for PBXNativeTarget "FoodTracker" */;
			buildPhases = (
				7D5287691FD4D45D000181D9 /* Sources */,
				7D52876A1FD4D45D000181D9 /* Frameworks */,
				7D52876B1FD4D45D000181D9 /* Resources */,
			);
			buildRules = (
			);
			dependencies = (
			);
			name = FoodTracker;
			productName = FoodTrackerTest;
			productReference = 7D52876D1FD4D45D000181D9 /* FoodTracker.app */;
			productType = "com.apple.product-type.application";
		};
/* End PBXNativeTarget section */

/* Begin PBXProject section */
		7D5287651FD4D45D000181D9 /* Project object */ = {
			isa = PBXProject;
			attributes = {
				LastSwiftUpdateCheck = 0910;
				LastUpgradeCheck = 0910;
				ORGANIZATIONNAME = "Conal O'Neill";
				TargetAttributes = {
					7D4892861FD5031D00C852AF = {
						CreatedOnToolsVersion = 9.1;
						ProvisioningStyle = Automatic;
						TestTargetID = 7D52876C1FD4D45D000181D9;
					};
					7D52876C1FD4D45D000181D9 = {
						CreatedOnToolsVersion = 9.1;
						ProvisioningStyle = Automatic;
					};
				};
			};
			buildConfigurationList = 7D5287681FD4D45D000181D9 /* Build configuration list for PBXProject "FoodTracker" */;
			compatibilityVersion = "Xcode 8.0";
			developmentRegion = en;
			hasScannedForEncodings = 0;
			knownRegions = (
				en,
				Base,
			);
			mainGroup = 7D5287641FD4D45D000181D9;
			productRefGroup = 7D52876E1FD4D45D000181D9 /* Products */;
			projectDirPath = "";
			projectRoot = "";
			targets = (
				7D52876C1FD4D45D000181D9 /* FoodTracker */,
				7D4892861FD5031D00C852AF /* FoodTrackerTests */,
			);
		};
/* End PBXProject section */

/* Begin PBXResourcesBuildPhase section */
		7D4892851FD5031D00C852AF /* Resources */ = {
			isa = PBXResourcesBuildPhase;
			buildActionMask = 2147483647;
			files = (
			);
			runOnlyForDeploymentPostprocessing = 0;
		};
		7D52876B1FD4D45D000181D9 /* Resources */ = {
			isa = PBXResourcesBuildPhase;
			buildActionMask = 2147483647;
			files = (
				7D52877B1FD4D45E000181D9 /* LaunchScreen.storyboard in Resources */,
				7D4892921FD503EC00C852AF /* readme.md in Resources */,
				7DF735311FD79E5C002C3F87 /* Assets.xcassets in Resources */,
				7D5287761FD4D45E000181D9 /* Main.storyboard in Resources */,
			);
			runOnlyForDeploymentPostprocessing = 0;
		};
/* End PBXResourcesBuildPhase section */

/* Begin PBXSourcesBuildPhase section */
		7D4892831FD5031D00C852AF /* Sources */ = {
			isa = PBXSourcesBuildPhase;
			buildActionMask = 2147483647;
			files = (
				7D48928A1FD5031D00C852AF /* FoodTrackerTests.swift in Sources */,
			);
			runOnlyForDeploymentPostprocessing = 0;
		};
		7D5287691FD4D45D000181D9 /* Sources */ = {
			isa = PBXSourcesBuildPhase;
			buildActionMask = 2147483647;
			files = (
				7D5287931FD4E732000181D9 /* Meal.swift in Sources */,
				7D5287731FD4D45E000181D9 /* MealViewController.swift in Sources */,
				7D5287911FD4DEB8000181D9 /* RatingControl.swift in Sources */,
				7D5287711FD4D45D000181D9 /* AppDelegate.swift in Sources */,
				7D52879B1FD4ED0A000181D9 /* MealTableViewController.swift in Sources */,
				7D5287991FD4EC43000181D9 /* MealTableViewCell.swift in Sources */,
			);
			runOnlyForDeploymentPostprocessing = 0;
		};
/* End PBXSourcesBuildPhase section */

/* Begin PBXTargetDependency section */
		7D48928D1FD5031D00C852AF /* PBXTargetDependency */ = {
			isa = PBXTargetDependency;
			target = 7D52876C1FD4D45D000181D9 /* FoodTracker */;
			targetProxy = 7D48928C1FD5031D00C852AF /* PBXContainerItemProxy */;
		};
/* End PBXTargetDependency section */

/* Begin PBXVariantGroup section */
		7D5287741FD4D45E000181D9 /* Main.storyboard */ = {
			isa = PBXVariantGroup;
			children = (
				7D5287751FD4D45E000181D9 /* Base */,
			);
			name = Main.storyboard;
			sourceTree = "<group>";
		};
		7D5287791FD4D45E000181D9 /* LaunchScreen.storyboard */ = {
			isa = PBXVariantGroup;
			children = (
				7D52877A1FD4D45E000181D9 /* Base */,
			);
			name = LaunchScreen.storyboard;
			sourceTree = "<group>";
		};
/* End PBXVariantGroup section */

/* Begin XCBuildConfiguration section */
		7D48928F1FD5031D00C852AF /* Debug */ = {
			isa = XCBuildConfiguration;
			buildSettings = {
				BUNDLE_LOADER = "$(TEST_HOST)";
				CODE_SIGN_STYLE = Automatic;
				DEVELOPMENT_TEAM = L844RMDA38;
				INFOPLIST_FILE = FoodTrackerTests/Info.plist;
				LD_RUNPATH_SEARCH_PATHS = "$(inherited) @executable_path/Frameworks @loader_path/Frameworks";
				PRODUCT_BUNDLE_IDENTIFIER = com.conaloneill.FoodTrackerTests;
				PRODUCT_NAME = "$(TARGET_NAME)";
				SWIFT_VERSION = 4.0;
				TARGETED_DEVICE_FAMILY = "1,2";
				TEST_HOST = "$(BUILT_PRODUCTS_DIR)/FoodTracker.app/FoodTracker";
			};
			name = Debug;
		};
		7D4892901FD5031D00C852AF /* Release */ = {
			isa = XCBuildConfiguration;
			buildSettings = {
				BUNDLE_LOADER = "$(TEST_HOST)";
				CODE_SIGN_STYLE = Automatic;
				DEVELOPMENT_TEAM = L844RMDA38;
				INFOPLIST_FILE = FoodTrackerTests/Info.plist;
				LD_RUNPATH_SEARCH_PATHS = "$(inherited) @executable_path/Frameworks @loader_path/Frameworks";
				PRODUCT_BUNDLE_IDENTIFIER = com.conaloneill.FoodTrackerTests;
				PRODUCT_NAME = "$(TARGET_NAME)";
				SWIFT_VERSION = 4.0;
				TARGETED_DEVICE_FAMILY = "1,2";
				TEST_HOST = "$(BUILT_PRODUCTS_DIR)/FoodTracker.app/FoodTracker";
			};
			name = Release;
		};
		7D5287881FD4D45E000181D9 /* Debug */ = {
			isa = XCBuildConfiguration;
			buildSettings = {
				ALWAYS_SEARCH_USER_PATHS = NO;
				CLANG_ANALYZER_NONNULL = YES;
				CLANG_ANALYZER_NUMBER_OBJECT_CONVERSION = YES_AGGRESSIVE;
				CLANG_CXX_LANGUAGE_STANDARD = "gnu++14";
				CLANG_CXX_LIBRARY = "libc++";
				CLANG_ENABLE_MODULES = YES;
				CLANG_ENABLE_OBJC_ARC = YES;
				CLANG_WARN_BLOCK_CAPTURE_AUTORELEASING = YES;
				CLANG_WARN_BOOL_CONVERSION = YES;
				CLANG_WARN_COMMA = YES;
				CLANG_WARN_CONSTANT_CONVERSION = YES;
				CLANG_WARN_DIRECT_OBJC_ISA_USAGE = YES_ERROR;
				CLANG_WARN_DOCUMENTATION_COMMENTS = YES;
				CLANG_WARN_EMPTY_BODY = YES;
				CLANG_WARN_ENUM_CONVERSION = YES;
				CLANG_WARN_INFINITE_RECURSION = YES;
				CLANG_WARN_INT_CONVERSION = YES;
				CLANG_WARN_NON_LITERAL_NULL_CONVERSION = YES;
				CLANG_WARN_OBJC_LITERAL_CONVERSION = YES;
				CLANG_WARN_OBJC_ROOT_CLASS = YES_ERROR;
				CLANG_WARN_RANGE_LOOP_ANALYSIS = YES;
				CLANG_WARN_STRICT_PROTOTYPES = YES;
				CLANG_WARN_SUSPICIOUS_MOVE = YES;
				CLANG_WARN_UNGUARDED_AVAILABILITY = YES_AGGRESSIVE;
				CLANG_WARN_UNREACHABLE_CODE = YES;
				CLANG_WARN__DUPLICATE_METHOD_MATCH = YES;
				CODE_SIGN_IDENTITY = "iPhone Developer";
				COPY_PHASE_STRIP = NO;
				DEBUG_INFORMATION_FORMAT = dwarf;
				ENABLE_STRICT_OBJC_MSGSEND = YES;
				ENABLE_TESTABILITY = YES;
				GCC_C_LANGUAGE_STANDARD = gnu11;
				GCC_DYNAMIC_NO_PIC = NO;
				GCC_NO_COMMON_BLOCKS = YES;
				GCC_OPTIMIZATION_LEVEL = 0;
				GCC_PREPROCESSOR_DEFINITIONS = (
					"DEBUG=1",
					"$(inherited)",
				);
				GCC_WARN_64_TO_32_BIT_CONVERSION = YES;
				GCC_WARN_ABOUT_RETURN_TYPE = YES_ERROR;
				GCC_WARN_UNDECLARED_SELECTOR = YES;
				GCC_WARN_UNINITIALIZED_AUTOS = YES_AGGRESSIVE;
				GCC_WARN_UNUSED_FUNCTION = YES;
				GCC_WARN_UNUSED_VARIABLE = YES;
				IPHONEOS_DEPLOYMENT_TARGET = 11.1;
				MTL_ENABLE_DEBUG_INFO = YES;
				ONLY_ACTIVE_ARCH = YES;
				SDKROOT = iphoneos;
				SWIFT_ACTIVE_COMPILATION_CONDITIONS = DEBUG;
				SWIFT_OPTIMIZATION_LEVEL = "-Onone";
			};
			name = Debug;
		};
		7D5287891FD4D45E000181D9 /* Release */ = {
			isa = XCBuildConfiguration;
			buildSettings = {
				ALWAYS_SEARCH_USER_PATHS = NO;
				CLANG_ANALYZER_NONNULL = YES;
				CLANG_ANALYZER_NUMBER_OBJECT_CONVERSION = YES_AGGRESSIVE;
				CLANG_CXX_LANGUAGE_STANDARD = "gnu++14";
				CLANG_CXX_LIBRARY = "libc++";
				CLANG_ENABLE_MODULES = YES;
				CLANG_ENABLE_OBJC_ARC = YES;
				CLANG_WARN_BLOCK_CAPTURE_AUTORELEASING = YES;
				CLANG_WARN_BOOL_CONVERSION = YES;
				CLANG_WARN_COMMA = YES;
				CLANG_WARN_CONSTANT_CONVERSION = YES;
				CLANG_WARN_DIRECT_OBJC_ISA_USAGE = YES_ERROR;
				CLANG_WARN_DOCUMENTATION_COMMENTS = YES;
				CLANG_WARN_EMPTY_BODY = YES;
				CLANG_WARN_ENUM_CONVERSION = YES;
				CLANG_WARN_INFINITE_RECURSION = YES;
				CLANG_WARN_INT_CONVERSION = YES;
				CLANG_WARN_NON_LITERAL_NULL_CONVERSION = YES;
				CLANG_WARN_OBJC_LITERAL_CONVERSION = YES;
				CLANG_WARN_OBJC_ROOT_CLASS = YES_ERROR;
				CLANG_WARN_RANGE_LOOP_ANALYSIS = YES;
				CLANG_WARN_STRICT_PROTOTYPES = YES;
				CLANG_WARN_SUSPICIOUS_MOVE = YES;
				CLANG_WARN_UNGUARDED_AVAILABILITY = YES_AGGRESSIVE;
				CLANG_WARN_UNREACHABLE_CODE = YES;
				CLANG_WARN__DUPLICATE_METHOD_MATCH = YES;
				CODE_SIGN_IDENTITY = "iPhone Developer";
				COPY_PHASE_STRIP = NO;
				DEBUG_INFORMATION_FORMAT = "dwarf-with-dsym";
				ENABLE_NS_ASSERTIONS = NO;
				ENABLE_STRICT_OBJC_MSGSEND = YES;
				GCC_C_LANGUAGE_STANDARD = gnu11;
				GCC_NO_COMMON_BLOCKS = YES;
				GCC_WARN_64_TO_32_BIT_CONVERSION = YES;
				GCC_WARN_ABOUT_RETURN_TYPE = YES_ERROR;
				GCC_WARN_UNDECLARED_SELECTOR = YES;
				GCC_WARN_UNINITIALIZED_AUTOS = YES_AGGRESSIVE;
				GCC_WARN_UNUSED_FUNCTION = YES;
				GCC_WARN_UNUSED_VARIABLE = YES;
				IPHONEOS_DEPLOYMENT_TARGET = 11.1;
				MTL_ENABLE_DEBUG_INFO = NO;
				SDKROOT = iphoneos;
				SWIFT_OPTIMIZATION_LEVEL = "-Owholemodule";
				VALIDATE_PRODUCT = YES;
			};
			name = Release;
		};
		7D52878B1FD4D45E000181D9 /* Debug */ = {
			isa = XCBuildConfiguration;
			buildSettings = {
				ASSETCATALOG_COMPILER_APPICON_NAME = AppIcon;
				CODE_SIGN_STYLE = Automatic;
				DEVELOPMENT_TEAM = L844RMDA38;
				INFOPLIST_FILE = "$(SRCROOT)/FoodTracker/Info.plist";
				LD_RUNPATH_SEARCH_PATHS = "$(inherited) @executable_path/Frameworks";
				PRODUCT_BUNDLE_IDENTIFIER = com.conaloneill.FoodTracker;
				PRODUCT_NAME = "$(TARGET_NAME)";
				SWIFT_VERSION = 4.0;
				TARGETED_DEVICE_FAMILY = "1,2";
			};
			name = Debug;
		};
		7D52878C1FD4D45E000181D9 /* Release */ = {
			isa = XCBuildConfiguration;
			buildSettings = {
				ASSETCATALOG_COMPILER_APPICON_NAME = AppIcon;
				CODE_SIGN_STYLE = Automatic;
				DEVELOPMENT_TEAM = L844RMDA38;
				INFOPLIST_FILE = "$(SRCROOT)/FoodTracker/Info.plist";
				LD_RUNPATH_SEARCH_PATHS = "$(inherited) @executable_path/Frameworks";
				PRODUCT_BUNDLE_IDENTIFIER = com.conaloneill.FoodTracker;
				PRODUCT_NAME = "$(TARGET_NAME)";
				SWIFT_VERSION = 4.0;
				TARGETED_DEVICE_FAMILY = "1,2";
			};
			name = Release;
		};
/* End XCBuildConfiguration section */

/* Begin XCConfigurationList section */
		7D48928E1FD5031D00C852AF /* Build configuration list for PBXNativeTarget "FoodTrackerTests" */ = {
			isa = XCConfigurationList;
			buildConfigurations = (
				7D48928F1FD5031D00C852AF /* Debug */,
				7D4892901FD5031D00C852AF /* Release */,
			);
			defaultConfigurationIsVisible = 0;
			defaultConfigurationName = Release;
		};
		7D5287681FD4D45D000181D9 /* Build configuration list for PBXProject "FoodTracker" */ = {
			isa = XCConfigurationList;
			buildConfigurations = (
				7D5287881FD4D45E000181D9 /* Debug */,
				7D5287891FD4D45E000181D9 /* Release */,
			);
			defaultConfigurationIsVisible = 0;
			defaultConfigurationName = Release;
		};
		7D52878A1FD4D45E000181D9 /* Build configuration list for PBXNativeTarget "FoodTracker" */ = {
			isa = XCConfigurationList;
			buildConfigurations = (
				7D52878B1FD4D45E000181D9 /* Debug */,
				7D52878C1FD4D45E000181D9 /* Release */,
			);
			defaultConfigurationIsVisible = 0;
			defaultConfigurationName = Release;
		};
/* End XCConfigurationList section */
	};
	rootObject = 7D5287651FD4D45D000181D9 /* Project object */;
}
